
Microsoft Visual Studio Solution File, Format Version 12.00
# Visual Studio Version 16
VisualStudioVersion = 16.0.29215.179
MinimumVisualStudioVersion = 10.0.40219.1
Project("{888888A0-9F3D-457C-B088-3A5042F75D52}") = "LOG2810_TP1", "LOG2810_TP1\LOG2810_TP1.pyproj", "{98B943DE-F91C-460F-A7EB-382729B15823}"
EndProject
Global
	GlobalSection(SolutionConfigurationPlatforms) = preSolution
		Debug|Any CPU = Debug|Any CPU
		Release|Any CPU = Release|Any CPU
	EndGlobalSection
	GlobalSection(ProjectConfigurationPlatforms) = postSolution
		{98B943DE-F91C-460F-A7EB-382729B15823}.Debug|Any CPU.ActiveCfg = Debug|Any CPU
		{98B943DE-F91C-460F-A7EB-382729B15823}.Release|Any CPU.ActiveCfg = Release|Any CPU
	EndGlobalSection
	GlobalSection(SolutionProperties) = preSolution
		HideSolutionNode = FALSE
	EndGlobalSection
	GlobalSection(ExtensibilityGlobals) = postSolution
		SolutionGuid = {B87696CB-F0C5-4C14-98B5-13568F2C4F5C}
	EndGlobalSection
EndGlobal
